github.com/akamensky/argparse v1.4.0 h1:YGzvsTqCvbEZhL8zZu2AiA5nq805NZh75JNj4ajn1xc=
github.com/akamensky/argparse v1.4.0/go.mod h1:S5kwC7IuDcEr5VeXtGPRVZ5o/FdhcMlQz4IZQuw64xA=
github.com/bigkevmcd/go-configparser v0.0.0-20250311182818-a679eef33309 h1:h2H7P1M0rXm8LTJMhZWr3SAleTmR6vg+7PM1BkTumaw=
github.com/bigkevmcd/go-configparser v0.0.0-20250311182818-a679eef33309/go.mod h1:vzEQfW+A1T+AMJmTIX+SXNLNECHOM7GEinHhw0IjykI=
